
Microsoft Visual Studio Solution File, Format Version 12.00
# Visual Studio Version 16
VisualStudioVersion = 16.0.29409.12
MinimumVisualStudioVersion = 10.0.40219.1
Project("{FAE04EC0-301F-11D3-BF4B-00C04F79EFBC}") = "WindowsFormsApplication1", "WindowsFormsApplication1\WindowsFormsApplication1.csproj", "{59B1643F-E067-4023-B722-28F2985F8A67}"
EndProject
Global
	GlobalSection(SolutionConfigurationPlatforms) = preSolution
		Debug|Any CPU = Debug|Any CPU
		Release|Any CPU = Release|Any CPU
	EndGlobalSection
	GlobalSection(ProjectConfigurationPlatforms) = postSolution
		{59B1643F-E067-4023-B722-28F2985F8A67}.Debug|Any CPU.ActiveCfg = Debug|Any CPU
		{59B1643F-E067-4023-B722-28F2985F8A67}.Debug|Any CPU.Build.0 = Debug|Any CPU
		{59B1643F-E067-4023-B722-28F2985F8A67}.Release|Any CPU.ActiveCfg = Release|Any CPU
	EndGlobalSection
	GlobalSection(SolutionProperties) = preSolution
		HideSolutionNode = FALSE
	EndGlobalSection
	GlobalSection(ExtensibilityGlobals) = postSolution
		SolutionGuid = {3DD61BCA-AE5D-4408-A71B-802B274379ED}
	EndGlobalSection
EndGlobal
